// !$*UTF8*$!
{
	archiveVersion = 1;
	classes = {
	};
	objectVersion = 56;
	objects = {

/* Begin PBXBuildFile section */
		721AC7A82B5BBBBC00F33F3D /* CusBootmSheet.swift in Sources */ = {isa = PBXBuildFile; fileRef = 721AC7A72B5BBBBC00F33F3D /* CusBootmSheet.swift */; };
		725211DB2B64E51500746D1B /* ProfileView.swift in Sources */ = {isa = PBXBuildFile; fileRef = 725211DA2B64E51500746D1B /* ProfileView.swift */; };
		725211EA2B70AFFE00746D1B /* SwiftUIView.swift in Sources */ = {isa = PBXBuildFile; fileRef = 725211E92B70AFFD00746D1B /* SwiftUIView.swift */; };
		72574AAA2B525DFB000F4C3C /* AddNewCat.swift in Sources */ = {isa = PBXBuildFile; fileRef = 72574AA92B525DFB000F4C3C /* AddNewCat.swift */; };
		72574AAC2B57A6F9000F4C3C /* BottomSheet.swift in Sources */ = {isa = PBXBuildFile; fileRef = 72574AAB2B57A6F9000F4C3C /* BottomSheet.swift */; };
		72574AB42B592890000F4C3C /* ModalAddGroup.swift in Sources */ = {isa = PBXBuildFile; fileRef = 72574AB32B592890000F4C3C /* ModalAddGroup.swift */; };
		726BF9492B36B63000AB8122 /* Workinprogress.swift in Sources */ = {isa = PBXBuildFile; fileRef = 726BF9482B36B63000AB8122 /* Workinprogress.swift */; };
		72AD31C32B382A3A00635BD2 /* SwitchCardView.swift in Sources */ = {isa = PBXBuildFile; fileRef = 72AD31C22B382A3A00635BD2 /* SwitchCardView.swift */; };
		72BE68752B315A2C003FAD7C /* HomeAutomationApp.swift in Sources */ = {isa = PBXBuildFile; fileRef = 72BE68742B315A2C003FAD7C /* HomeAutomationApp.swift */; };
		72BE68772B315A2C003FAD7C /* ContentView.swift in Sources */ = {isa = PBXBuildFile; fileRef = 72BE68762B315A2C003FAD7C /* ContentView.swift */; };
		72BE68792B315A2D003FAD7C /* Assets.xcassets in Resources */ = {isa = PBXBuildFile; fileRef = 72BE68782B315A2D003FAD7C /* Assets.xcassets */; };
		72BE687C2B315A2D003FAD7C /* Preview Assets.xcassets in Resources */ = {isa = PBXBuildFile; fileRef = 72BE687B2B315A2D003FAD7C /* Preview Assets.xcassets */; };
		72BE68862B316460003FAD7C /* HomeView.swift in Sources */ = {isa = PBXBuildFile; fileRef = 72BE68852B316460003FAD7C /* HomeView.swift */; };
		72BE68882B32AC00003FAD7C /* Colors.swift in Sources */ = {isa = PBXBuildFile; fileRef = 72BE68872B32ABFF003FAD7C /* Colors.swift */; };
		72BE688A2B34056F003FAD7C /* Profile.swift in Sources */ = {isa = PBXBuildFile; fileRef = 72BE68892B34056F003FAD7C /* Profile.swift */; };
		72BE688C2B341A2D003FAD7C /* CardView.swift in Sources */ = {isa = PBXBuildFile; fileRef = 72BE688B2B341A2D003FAD7C /* CardView.swift */; };
		72CE0AC52B70B5670010616C /* QuickAcsRooms.json in Resources */ = {isa = PBXBuildFile; fileRef = 72CE0AC42B70B5670010616C /* QuickAcsRooms.json */; };
		72FB0F6E2B3D983A00EC570B /* BottomNav.swift in Sources */ = {isa = PBXBuildFile; fileRef = 72FB0F6D2B3D983A00EC570B /* BottomNav.swift */; };
		72FC32A82B40013E003A48B0 /* CustomBtNv.swift in Sources */ = {isa = PBXBuildFile; fileRef = 72FC32A72B40013E003A48B0 /* CustomBtNv.swift */; };
		7F614BD7AD1B6E4A47C86BFD /* Pods_HomeAutomation.framework in Frameworks */ = {isa = PBXBuildFile; fileRef = 8B42275AA0650FA6BC74A302 /* Pods_HomeAutomation.framework */; };
/* End PBXBuildFile section */

/* Begin PBXFileReference section */
		721AC7A72B5BBBBC00F33F3D /* CusBootmSheet.swift */ = {isa = PBXFileReference; fileEncoding = 4; lastKnownFileType = sourcecode.swift; path = CusBootmSheet.swift; sourceTree = "<group>"; };
		725211DA2B64E51500746D1B /* ProfileView.swift */ = {isa = PBXFileReference; lastKnownFileType = sourcecode.swift; path = ProfileView.swift; sourceTree = "<group>"; };
		725211E92B70AFFD00746D1B /* SwiftUIView.swift */ = {isa = PBXFileReference; lastKnownFileType = sourcecode.swift; path = SwiftUIView.swift; sourceTree = "<group>"; };
		72574AA92B525DFB000F4C3C /* AddNewCat.swift */ = {isa = PBXFileReference; lastKnownFileType = sourcecode.swift; path = AddNewCat.swift; sourceTree = "<group>"; };
		72574AAB2B57A6F9000F4C3C /* BottomSheet.swift */ = {isa = PBXFileReference; lastKnownFileType = sourcecode.swift; path = BottomSheet.swift; sourceTree = "<group>"; };
		72574AB32B592890000F4C3C /* ModalAddGroup.swift */ = {isa = PBXFileReference; lastKnownFileType = sourcecode.swift; path = ModalAddGroup.swift; sourceTree = "<group>"; };
		726BF9482B36B63000AB8122 /* Workinprogress.swift */ = {isa = PBXFileReference; lastKnownFileType = sourcecode.swift; path = Workinprogress.swift; sourceTree = "<group>"; };
		72AD31C22B382A3A00635BD2 /* SwitchCardView.swift */ = {isa = PBXFileReference; lastKnownFileType = sourcecode.swift; path = SwitchCardView.swift; sourceTree = "<group>"; };
		72BE68712B315A2C003FAD7C /* HomeAutomation.app */ = {isa = PBXFileReference; explicitFileType = wrapper.application; includeInIndex = 0; path = HomeAutomation.app; sourceTree = BUILT_PRODUCTS_DIR; };
		72BE68742B315A2C003FAD7C /* HomeAutomationApp.swift */ = {isa = PBXFileReference; lastKnownFileType = sourcecode.swift; path = HomeAutomationApp.swift; sourceTree = "<group>"; };
		72BE68762B315A2C003FAD7C /* ContentView.swift */ = {isa = PBXFileReference; lastKnownFileType = sourcecode.swift; path = ContentView.swift; sourceTree = "<group>"; };
		72BE68782B315A2D003FAD7C /* Assets.xcassets */ = {isa = PBXFileReference; lastKnownFileType = folder.assetcatalog; path = Assets.xcassets; sourceTree = "<group>"; };
		72BE687B2B315A2D003FAD7C /* Preview Assets.xcassets */ = {isa = PBXFileReference; lastKnownFileType = folder.assetcatalog; path = "Preview Assets.xcassets"; sourceTree = "<group>"; };
		72BE68852B316460003FAD7C /* HomeView.swift */ = {isa = PBXFileReference; lastKnownFileType = sourcecode.swift; path = HomeView.swift; sourceTree = "<group>"; };
		72BE68872B32ABFF003FAD7C /* Colors.swift */ = {isa = PBXFileReference; lastKnownFileType = sourcecode.swift; path = Colors.swift; sourceTree = "<group>"; };
		72BE68892B34056F003FAD7C /* Profile.swift */ = {isa = PBXFileReference; lastKnownFileType = sourcecode.swift; path = Profile.swift; sourceTree = "<group>"; };
		72BE688B2B341A2D003FAD7C /* CardView.swift */ = {isa = PBXFileReference; lastKnownFileType = sourcecode.swift; path = CardView.swift; sourceTree = "<group>"; };
		72CE0AC42B70B5670010616C /* QuickAcsRooms.json */ = {isa = PBXFileReference; lastKnownFileType = text.json; path = QuickAcsRooms.json; sourceTree = "<group>"; };
		72FB0F6D2B3D983A00EC570B /* BottomNav.swift */ = {isa = PBXFileReference; lastKnownFileType = sourcecode.swift; path = BottomNav.swift; sourceTree = "<group>"; };
		72FC32A72B40013E003A48B0 /* CustomBtNv.swift */ = {isa = PBXFileReference; lastKnownFileType = sourcecode.swift; path = CustomBtNv.swift; sourceTree = "<group>"; };
		74DC8D7C9999C76674E583F1 /* Pods-HomeAutomation.debug.xcconfig */ = {isa = PBXFileReference; includeInIndex = 1; lastKnownFileType = text.xcconfig; name = "Pods-HomeAutomation.debug.xcconfig"; path = "Target Support Files/Pods-HomeAutomation/Pods-HomeAutomation.debug.xcconfig"; sourceTree = "<group>"; };
		8B42275AA0650FA6BC74A302 /* Pods_HomeAutomation.framework */ = {isa = PBXFileReference; explicitFileType = wrapper.framework; includeInIndex = 0; path = Pods_HomeAutomation.framework; sourceTree = BUILT_PRODUCTS_DIR; };
		F723D4896F9F75FACDECB481 /* Pods-HomeAutomation.release.xcconfig */ = {isa = PBXFileReference; includeInIndex = 1; lastKnownFileType = text.xcconfig; name = "Pods-HomeAutomation.release.xcconfig"; path = "Target Support Files/Pods-HomeAutomation/Pods-HomeAutomation.release.xcconfig"; sourceTree = "<group>"; };
/* End PBXFileReference section */

/* Begin PBXFrameworksBuildPhase section */
		72BE686E2B315A2C003FAD7C /* Frameworks */ = {
			isa = PBXFrameworksBuildPhase;
			buildActionMask = 2147483647;
			files = (
				7F614BD7AD1B6E4A47C86BFD /* Pods_HomeAutomation.framework in Frameworks */,
			);
			runOnlyForDeploymentPostprocessing = 0;
		};
/* End PBXFrameworksBuildPhase section */

/* Begin PBXGroup section */
		52DACE52530302CC0B41924A /* Pods */ = {
			isa = PBXGroup;
			children = (
				74DC8D7C9999C76674E583F1 /* Pods-HomeAutomation.debug.xcconfig */,
				F723D4896F9F75FACDECB481 /* Pods-HomeAutomation.release.xcconfig */,
			);
			path = Pods;
			sourceTree = "<group>";
		};
		725211E42B6F6E5400746D1B /* Util */ = {
			isa = PBXGroup;
			children = (
				725211E62B6F6E8600746D1B /* JsonData */,
				725211E52B6F6E7D00746D1B /* Api */,
			);
			path = Util;
			sourceTree = "<group>";
		};
		725211E52B6F6E7D00746D1B /* Api */ = {
			isa = PBXGroup;
			children = (
			);
			path = Api;
			sourceTree = "<group>";
		};
		725211E62B6F6E8600746D1B /* JsonData */ = {
			isa = PBXGroup;
			children = (
				72CE0AC42B70B5670010616C /* QuickAcsRooms.json */,
			);
			path = JsonData;
			sourceTree = "<group>";
		};
		72BE68682B315A2C003FAD7C = {
			isa = PBXGroup;
			children = (
				72BE68732B315A2C003FAD7C /* HomeAutomation */,
				72BE68722B315A2C003FAD7C /* Products */,
				52DACE52530302CC0B41924A /* Pods */,
				DBE3473BF3C611DBC2355651 /* Frameworks */,
			);
			sourceTree = "<group>";
		};
		72BE68722B315A2C003FAD7C /* Products */ = {
			isa = PBXGroup;
			children = (
				72BE68712B315A2C003FAD7C /* HomeAutomation.app */,
			);
			name = Products;
			sourceTree = "<group>";
		};
		72BE68732B315A2C003FAD7C /* HomeAutomation */ = {
			isa = PBXGroup;
			children = (
				72BE68842B31643E003FAD7C /* Views */,
				72BE68832B316431003FAD7C /* Helper */,
				72BE68822B316428003FAD7C /* Components */,
				725211E42B6F6E5400746D1B /* Util */,
				72BE68742B315A2C003FAD7C /* HomeAutomationApp.swift */,
				72BE68762B315A2C003FAD7C /* ContentView.swift */,
				72BE68782B315A2D003FAD7C /* Assets.xcassets */,
				72BE687A2B315A2D003FAD7C /* Preview Content */,
			);
			path = HomeAutomation;
			sourceTree = "<group>";
		};
		72BE687A2B315A2D003FAD7C /* Preview Content */ = {
			isa = PBXGroup;
			children = (
				72BE687B2B315A2D003FAD7C /* Preview Assets.xcassets */,
			);
			path = "Preview Content";
			sourceTree = "<group>";
		};
		72BE68822B316428003FAD7C /* Components */ = {
			isa = PBXGroup;
			children = (
				72BE688B2B341A2D003FAD7C /* CardView.swift */,
				72AD31C22B382A3A00635BD2 /* SwitchCardView.swift */,
				72574AA92B525DFB000F4C3C /* AddNewCat.swift */,
				72574AAB2B57A6F9000F4C3C /* BottomSheet.swift */,
			);
			path = Components;
			sourceTree = "<group>";
		};
		72BE68832B316431003FAD7C /* Helper */ = {
			isa = PBXGroup;
			children = (
				72BE68872B32ABFF003FAD7C /* Colors.swift */,
				72BE68892B34056F003FAD7C /* Profile.swift */,
				72FB0F6D2B3D983A00EC570B /* BottomNav.swift */,
				72FC32A72B40013E003A48B0 /* CustomBtNv.swift */,
			);
			path = Helper;
			sourceTree = "<group>";
		};
		72BE68842B31643E003FAD7C /* Views */ = {
			isa = PBXGroup;
			children = (
				72BE68852B316460003FAD7C /* HomeView.swift */,
				725211DA2B64E51500746D1B /* ProfileView.swift */,
				726BF9482B36B63000AB8122 /* Workinprogress.swift */,
				72574AB32B592890000F4C3C /* ModalAddGroup.swift */,
				721AC7A72B5BBBBC00F33F3D /* CusBootmSheet.swift */,
				725211E92B70AFFD00746D1B /* SwiftUIView.swift */,
			);
			path = Views;
			sourceTree = "<group>";
		};
		DBE3473BF3C611DBC2355651 /* Frameworks */ = {
			isa = PBXGroup;
			children = (
				8B42275AA0650FA6BC74A302 /* Pods_HomeAutomation.framework */,
			);
			name = Frameworks;
			sourceTree = "<group>";
		};
/* End PBXGroup section */

/* Begin PBXNativeTarget section */
		72BE68702B315A2C003FAD7C /* HomeAutomation */ = {
			isa = PBXNativeTarget;
			buildConfigurationList = 72BE687F2B315A2D003FAD7C /* Build configuration list for PBXNativeTarget "HomeAutomation" */;
			buildPhases = (
				96542CF8F159F15F25DC3152 /* [CP] Check Pods Manifest.lock */,
				72BE686D2B315A2C003FAD7C /* Sources */,
				72BE686E2B315A2C003FAD7C /* Frameworks */,
				72BE686F2B315A2C003FAD7C /* Resources */,
			);
			buildRules = (
			);
			dependencies = (
			);
			name = HomeAutomation;
			productName = HomeAutomation;
			productReference = 72BE68712B315A2C003FAD7C /* HomeAutomation.app */;
			productType = "com.apple.product-type.application";
		};
/* End PBXNativeTarget section */

/* Begin PBXProject section */
		72BE68692B315A2C003FAD7C /* Project object */ = {
			isa = PBXProject;
			attributes = {
				BuildIndependentTargetsInParallel = 1;
				LastSwiftUpdateCheck = 1510;
				LastUpgradeCheck = 1510;
				TargetAttributes = {
					72BE68702B315A2C003FAD7C = {
						CreatedOnToolsVersion = 15.1;
					};
				};
			};
			buildConfigurationList = 72BE686C2B315A2C003FAD7C /* Build configuration list for PBXProject "HomeAutomation" */;
			compatibilityVersion = "Xcode 14.0";
			developmentRegion = en;
			hasScannedForEncodings = 0;
			knownRegions = (
				en,
				Base,
			);
			mainGroup = 72BE68682B315A2C003FAD7C;
			productRefGroup = 72BE68722B315A2C003FAD7C /* Products */;
			projectDirPath = "";
			projectRoot = "";
			targets = (
				72BE68702B315A2C003FAD7C /* HomeAutomation */,
			);
		};
/* End PBXProject section */

/* Begin PBXResourcesBuildPhase section */
		72BE686F2B315A2C003FAD7C /* Resources */ = {
			isa = PBXResourcesBuildPhase;
			buildActionMask = 2147483647;
			files = (
				72CE0AC52B70B5670010616C /* QuickAcsRooms.json in Resources */,
				72BE687C2B315A2D003FAD7C /* Preview Assets.xcassets in Resources */,
				72BE68792B315A2D003FAD7C /* Assets.xcassets in Resources */,
			);
			runOnlyForDeploymentPostprocessing = 0;
		};
/* End PBXResourcesBuildPhase section */

/* Begin PBXShellScriptBuildPhase section */
		96542CF8F159F15F25DC3152 /* [CP] Check Pods Manifest.lock */ = {
			isa = PBXShellScriptBuildPhase;
			buildActionMask = 2147483647;
			files = (
			);
			inputFileListPaths = (
			);
			inputPaths = (
				"${PODS_PODFILE_DIR_PATH}/Podfile.lock",
				"${PODS_ROOT}/Manifest.lock",
			);
			name = "[CP] Check Pods Manifest.lock";
			outputFileListPaths = (
			);
			outputPaths = (
				"$(DERIVED_FILE_DIR)/Pods-HomeAutomation-checkManifestLockResult.txt",
			);
			runOnlyForDeploymentPostprocessing = 0;
			shellPath = /bin/sh;
			shellScript = "diff \"${PODS_PODFILE_DIR_PATH}/Podfile.lock\" \"${PODS_ROOT}/Manifest.lock\" > /dev/null\nif [ $? != 0 ] ; then\n    # print error to STDERR\n    echo \"error: The sandbox is not in sync with the Podfile.lock. Run 'pod install' or update your CocoaPods installation.\" >&2\n    exit 1\nfi\n# This output is used by Xcode 'outputs' to avoid re-running this script phase.\necho \"SUCCESS\" > \"${SCRIPT_OUTPUT_FILE_0}\"\n";
			showEnvVarsInLog = 0;
		};
/* End PBXShellScriptBuildPhase section */

/* Begin PBXSourcesBuildPhase section */
		72BE686D2B315A2C003FAD7C /* Sources */ = {
			isa = PBXSourcesBuildPhase;
			buildActionMask = 2147483647;
			files = (
				72FB0F6E2B3D983A00EC570B /* BottomNav.swift in Sources */,
				721AC7A82B5BBBBC00F33F3D /* CusBootmSheet.swift in Sources */,
				725211EA2B70AFFE00746D1B /* SwiftUIView.swift in Sources */,
				72FC32A82B40013E003A48B0 /* CustomBtNv.swift in Sources */,
				72BE68862B316460003FAD7C /* HomeView.swift in Sources */,
				72574AB42B592890000F4C3C /* ModalAddGroup.swift in Sources */,
				72BE688A2B34056F003FAD7C /* Profile.swift in Sources */,
				72BE68882B32AC00003FAD7C /* Colors.swift in Sources */,
				72BE68772B315A2C003FAD7C /* ContentView.swift in Sources */,
				725211DB2B64E51500746D1B /* ProfileView.swift in Sources */,
				72AD31C32B382A3A00635BD2 /* SwitchCardView.swift in Sources */,
				72BE688C2B341A2D003FAD7C /* CardView.swift in Sources */,
				72574AAA2B525DFB000F4C3C /* AddNewCat.swift in Sources */,
				72BE68752B315A2C003FAD7C /* HomeAutomationApp.swift in Sources */,
				72574AAC2B57A6F9000F4C3C /* BottomSheet.swift in Sources */,
				726BF9492B36B63000AB8122 /* Workinprogress.swift in Sources */,
			);
			runOnlyForDeploymentPostprocessing = 0;
		};
/* End PBXSourcesBuildPhase section */

/* Begin XCBuildConfiguration section */
		72BE687D2B315A2D003FAD7C /* Debug */ = {
			isa = XCBuildConfiguration;
			buildSettings = {
				ALWAYS_SEARCH_USER_PATHS = NO;
				ASSETCATALOG_COMPILER_GENERATE_SWIFT_ASSET_SYMBOL_EXTENSIONS = YES;
				CLANG_ANALYZER_NONNULL = YES;
				CLANG_ANALYZER_NUMBER_OBJECT_CONVERSION = YES_AGGRESSIVE;
				CLANG_CXX_LANGUAGE_STANDARD = "gnu++20";
				CLANG_ENABLE_MODULES = YES;
				CLANG_ENABLE_OBJC_ARC = YES;
				CLANG_ENABLE_OBJC_WEAK = YES;
				CLANG_WARN_BLOCK_CAPTURE_AUTORELEASING = YES;
				CLANG_WARN_BOOL_CONVERSION = YES;
				CLANG_WARN_COMMA = YES;
				CLANG_WARN_CONSTANT_CONVERSION = YES;
				CLANG_WARN_DEPRECATED_OBJC_IMPLEMENTATIONS = YES;
				CLANG_WARN_DIRECT_OBJC_ISA_USAGE = YES_ERROR;
				CLANG_WARN_DOCUMENTATION_COMMENTS = YES;
				CLANG_WARN_EMPTY_BODY = YES;
				CLANG_WARN_ENUM_CONVERSION = YES;
				CLANG_WARN_INFINITE_RECURSION = YES;
				CLANG_WARN_INT_CONVERSION = YES;
				CLANG_WARN_NON_LITERAL_NULL_CONVERSION = YES;
				CLANG_WARN_OBJC_IMPLICIT_RETAIN_SELF = YES;
				CLANG_WARN_OBJC_LITERAL_CONVERSION = YES;
				CLANG_WARN_OBJC_ROOT_CLASS = YES_ERROR;
				CLANG_WARN_QUOTED_INCLUDE_IN_FRAMEWORK_HEADER = YES;
				CLANG_WARN_RANGE_LOOP_ANALYSIS = YES;
				CLANG_WARN_STRICT_PROTOTYPES = YES;
				CLANG_WARN_SUSPICIOUS_MOVE = YES;
				CLANG_WARN_UNGUARDED_AVAILABILITY = YES_AGGRESSIVE;
				CLANG_WARN_UNREACHABLE_CODE = YES;
				CLANG_WARN__DUPLICATE_METHOD_MATCH = YES;
				COPY_PHASE_STRIP = NO;
				DEBUG_INFORMATION_FORMAT = dwarf;
				ENABLE_STRICT_OBJC_MSGSEND = YES;
				ENABLE_TESTABILITY = YES;
				ENABLE_USER_SCRIPT_SANDBOXING = YES;
				GCC_C_LANGUAGE_STANDARD = gnu17;
				GCC_DYNAMIC_NO_PIC = NO;
				GCC_NO_COMMON_BLOCKS = YES;
				GCC_OPTIMIZATION_LEVEL = 0;
				GCC_PREPROCESSOR_DEFINITIONS = (
					"DEBUG=1",
					"$(inherited)",
				);
				GCC_WARN_64_TO_32_BIT_CONVERSION = YES;
				GCC_WARN_ABOUT_RETURN_TYPE = YES_ERROR;
				GCC_WARN_UNDECLARED_SELECTOR = YES;
				GCC_WARN_UNINITIALIZED_AUTOS = YES_AGGRESSIVE;
				GCC_WARN_UNUSED_FUNCTION = YES;
				GCC_WARN_UNUSED_VARIABLE = YES;
				IPHONEOS_DEPLOYMENT_TARGET = 17.2;
				LOCALIZATION_PREFERS_STRING_CATALOGS = YES;
				MTL_ENABLE_DEBUG_INFO = INCLUDE_SOURCE;
				MTL_FAST_MATH = YES;
				ONLY_ACTIVE_ARCH = YES;
				SDKROOT = iphoneos;
				SWIFT_ACTIVE_COMPILATION_CONDITIONS = "DEBUG $(inherited)";
				SWIFT_OPTIMIZATION_LEVEL = "-Onone";
			};
			name = Debug;
		};
		72BE687E2B315A2D003FAD7C /* Release */ = {
			isa = XCBuildConfiguration;
			buildSettings = {
				ALWAYS_SEARCH_USER_PATHS = NO;
				ASSETCATALOG_COMPILER_GENERATE_SWIFT_ASSET_SYMBOL_EXTENSIONS = YES;
				CLANG_ANALYZER_NONNULL = YES;
				CLANG_ANALYZER_NUMBER_OBJECT_CONVERSION = YES_AGGRESSIVE;
				CLANG_CXX_LANGUAGE_STANDARD = "gnu++20";
				CLANG_ENABLE_MODULES = YES;
				CLANG_ENABLE_OBJC_ARC = YES;
				CLANG_ENABLE_OBJC_WEAK = YES;
				CLANG_WARN_BLOCK_CAPTURE_AUTORELEASING = YES;
				CLANG_WARN_BOOL_CONVERSION = YES;
				CLANG_WARN_COMMA = YES;
				CLANG_WARN_CONSTANT_CONVERSION = YES;
				CLANG_WARN_DEPRECATED_OBJC_IMPLEMENTATIONS = YES;
				CLANG_WARN_DIRECT_OBJC_ISA_USAGE = YES_ERROR;
				CLANG_WARN_DOCUMENTATION_COMMENTS = YES;
				CLANG_WARN_EMPTY_BODY = YES;
				CLANG_WARN_ENUM_CONVERSION = YES;
				CLANG_WARN_INFINITE_RECURSION = YES;
				CLANG_WARN_INT_CONVERSION = YES;
				CLANG_WARN_NON_LITERAL_NULL_CONVERSION = YES;
				CLANG_WARN_OBJC_IMPLICIT_RETAIN_SELF = YES;
				CLANG_WARN_OBJC_LITERAL_CONVERSION = YES;
				CLANG_WARN_OBJC_ROOT_CLASS = YES_ERROR;
				CLANG_WARN_QUOTED_INCLUDE_IN_FRAMEWORK_HEADER = YES;
				CLANG_WARN_RANGE_LOOP_ANALYSIS = YES;
				CLANG_WARN_STRICT_PROTOTYPES = YES;
				CLANG_WARN_SUSPICIOUS_MOVE = YES;
				CLANG_WARN_UNGUARDED_AVAILABILITY = YES_AGGRESSIVE;
				CLANG_WARN_UNREACHABLE_CODE = YES;
				CLANG_WARN__DUPLICATE_METHOD_MATCH = YES;
				COPY_PHASE_STRIP = NO;
				DEBUG_INFORMATION_FORMAT = "dwarf-with-dsym";
				ENABLE_NS_ASSERTIONS = NO;
				ENABLE_STRICT_OBJC_MSGSEND = YES;
				ENABLE_USER_SCRIPT_SANDBOXING = YES;
				GCC_C_LANGUAGE_STANDARD = gnu17;
				GCC_NO_COMMON_BLOCKS = YES;
				GCC_WARN_64_TO_32_BIT_CONVERSION = YES;
				GCC_WARN_ABOUT_RETURN_TYPE = YES_ERROR;
				GCC_WARN_UNDECLARED_SELECTOR = YES;
				GCC_WARN_UNINITIALIZED_AUTOS = YES_AGGRESSIVE;
				GCC_WARN_UNUSED_FUNCTION = YES;
				GCC_WARN_UNUSED_VARIABLE = YES;
				IPHONEOS_DEPLOYMENT_TARGET = 17.2;
				LOCALIZATION_PREFERS_STRING_CATALOGS = YES;
				MTL_ENABLE_DEBUG_INFO = NO;
				MTL_FAST_MATH = YES;
				SDKROOT = iphoneos;
				SWIFT_COMPILATION_MODE = wholemodule;
				VALIDATE_PRODUCT = YES;
			};
			name = Release;
		};
		72BE68802B315A2D003FAD7C /* Debug */ = {
			isa = XCBuildConfiguration;
			baseConfigurationReference = 74DC8D7C9999C76674E583F1 /* Pods-HomeAutomation.debug.xcconfig */;
			buildSettings = {
				ASSETCATALOG_COMPILER_APPICON_NAME = AppIcon;
				ASSETCATALOG_COMPILER_GLOBAL_ACCENT_COLOR_NAME = AccentColor;
				CODE_SIGN_STYLE = Automatic;
				CURRENT_PROJECT_VERSION = 1;
				DEVELOPMENT_ASSET_PATHS = "\"HomeAutomation/Preview Content\"";
				DEVELOPMENT_TEAM = 3V38K35D3U;
				ENABLE_PREVIEWS = YES;
				GENERATE_INFOPLIST_FILE = YES;
				INFOPLIST_KEY_UIApplicationSceneManifest_Generation = YES;
				INFOPLIST_KEY_UIApplicationSupportsIndirectInputEvents = YES;
				INFOPLIST_KEY_UILaunchScreen_Generation = YES;
				INFOPLIST_KEY_UISupportedInterfaceOrientations_iPad = "UIInterfaceOrientationPortrait UIInterfaceOrientationPortraitUpsideDown UIInterfaceOrientationLandscapeLeft UIInterfaceOrientationLandscapeRight";
				INFOPLIST_KEY_UISupportedInterfaceOrientations_iPhone = "UIInterfaceOrientationPortrait UIInterfaceOrientationLandscapeLeft UIInterfaceOrientationLandscapeRight";
				LD_RUNPATH_SEARCH_PATHS = (
					"$(inherited)",
					"@executable_path/Frameworks",
				);
				MARKETING_VERSION = 1.0;
				PRODUCT_BUNDLE_IDENTIFIER = cistech.homeautomation.HomeAutomation;
				PRODUCT_NAME = "$(TARGET_NAME)";
				SWIFT_EMIT_LOC_STRINGS = YES;
				SWIFT_VERSION = 5.0;
				TARGETED_DEVICE_FAMILY = "1,2";
			};
			name = Debug;
		};
		72BE68812B315A2D003FAD7C /* Release */ = {
			isa = XCBuildConfiguration;
			baseConfigurationReference = F723D4896F9F75FACDECB481 /* Pods-HomeAutomation.release.xcconfig */;
			buildSettings = {
				ASSETCATALOG_COMPILER_APPICON_NAME = AppIcon;
				ASSETCATALOG_COMPILER_GLOBAL_ACCENT_COLOR_NAME = AccentColor;
				CODE_SIGN_STYLE = Automatic;
				CURRENT_PROJECT_VERSION = 1;
				DEVELOPMENT_ASSET_PATHS = "\"HomeAutomation/Preview Content\"";
				DEVELOPMENT_TEAM = 3V38K35D3U;
				ENABLE_PREVIEWS = YES;
				GENERATE_INFOPLIST_FILE = YES;
				INFOPLIST_KEY_UIApplicationSceneManifest_Generation = YES;
				INFOPLIST_KEY_UIApplicationSupportsIndirectInputEvents = YES;
				INFOPLIST_KEY_UILaunchScreen_Generation = YES;
				INFOPLIST_KEY_UISupportedInterfaceOrientations_iPad = "UIInterfaceOrientationPortrait UIInterfaceOrientationPortraitUpsideDown UIInterfaceOrientationLandscapeLeft UIInterfaceOrientationLandscapeRight";
				INFOPLIST_KEY_UISupportedInterfaceOrientations_iPhone = "UIInterfaceOrientationPortrait UIInterfaceOrientationLandscapeLeft UIInterfaceOrientationLandscapeRight";
				LD_RUNPATH_SEARCH_PATHS = (
					"$(inherited)",
					"@executable_path/Frameworks",
				);
				MARKETING_VERSION = 1.0;
				PRODUCT_BUNDLE_IDENTIFIER = cistech.homeautomation.HomeAutomation;
				PRODUCT_NAME = "$(TARGET_NAME)";
				SWIFT_EMIT_LOC_STRINGS = YES;
				SWIFT_VERSION = 5.0;
				TARGETED_DEVICE_FAMILY = "1,2";
			};
			name = Release;
		};
/* End XCBuildConfiguration section */

/* Begin XCConfigurationList section */
		72BE686C2B315A2C003FAD7C /* Build configuration list for PBXProject "HomeAutomation" */ = {
			isa = XCConfigurationList;
			buildConfigurations = (
				72BE687D2B315A2D003FAD7C /* Debug */,
				72BE687E2B315A2D003FAD7C /* Release */,
			);
			defaultConfigurationIsVisible = 0;
			defaultConfigurationName = Release;
		};
		72BE687F2B315A2D003FAD7C /* Build configuration list for PBXNativeTarget "HomeAutomation" */ = {
			isa = XCConfigurationList;
			buildConfigurations = (
				72BE68802B315A2D003FAD7C /* Debug */,
				72BE68812B315A2D003FAD7C /* Release */,
			);
			defaultConfigurationIsVisible = 0;
			defaultConfigurationName = Release;
		};
/* End XCConfigurationList section */
	};
	rootObject = 72BE68692B315A2C003FAD7C /* Project object */;
}
